
Microsoft Visual Studio Solution File, Format Version 12.00
# Visual Studio Version 17
VisualStudioVersion = 17.10.35013.160
MinimumVisualStudioVersion = 10.0.40219.1
Project("{9092AA53-FB77-4645-B42D-1CCCA6BD08BD}") = "BackendGoogleformWDApp", "BackendGoogleformWDApp.njsproj", "{5DC71E48-395D-4067-85DB-A1CC3F9F4C6F}"
EndProject
Global
	GlobalSection(SolutionConfigurationPlatforms) = preSolution
		Debug|Any CPU = Debug|Any CPU
		Release|Any CPU = Release|Any CPU
	EndGlobalSection
	GlobalSection(ProjectConfigurationPlatforms) = postSolution
		{5DC71E48-395D-4067-85DB-A1CC3F9F4C6F}.Debug|Any CPU.ActiveCfg = Debug|Any CPU
		{5DC71E48-395D-4067-85DB-A1CC3F9F4C6F}.Debug|Any CPU.Build.0 = Debug|Any CPU
		{5DC71E48-395D-4067-85DB-A1CC3F9F4C6F}.Release|Any CPU.ActiveCfg = Release|Any CPU
		{5DC71E48-395D-4067-85DB-A1CC3F9F4C6F}.Release|Any CPU.Build.0 = Release|Any CPU
	EndGlobalSection
	GlobalSection(SolutionProperties) = preSolution
		HideSolutionNode = FALSE
	EndGlobalSection
	GlobalSection(ExtensibilityGlobals) = postSolution
		SolutionGuid = {4AC406FA-B699-4E6B-837E-C394B1398AAD}
	EndGlobalSection
EndGlobal
